{
  "version": 4,
  "terraform_version": "1.5.5",
  "serial": 57,
  "lineage": "896a7170-492a-f3d7-a77f-739346047201",
  "outputs": {
    "public_ip_address": {
      "value": "13.82.187.245",
      "type": "string"
    },
    "public_ip_address_id": {
      "value": "/subscriptions/e469a261-e6fc-4363-94f1-3d8cdb259ec7/resourceGroups/rg-stable-kit/providers/Microsoft.Network/publicIPAddresses/myPublicIP",
      "type": "string"
    },
    "resource_group_name": {
      "value": "rg-stable-kit",
      "type": "string"
    },
    "tls_private_key": {
      "value": "-----BEGIN RSA PRIVATE KEY-----\nMIIJKQIBAAKCAgEAqK62vgun/+Xmkswo2iXSD7MmiILKk7WD4K2JPNmvgLULNo9B\nm4dTo+J+Wi4KIgUV20FXk+aI0fWzCoAMPjs620l9hzbabIZn8P6S7BPGW9Mt7bUc\ngxhBnGbQzXKOI0NoQr63m7pRsJwNyp5E78ObmVLj7/Af1zn5qAav4zBbzUaVcJvy\nnQ7hpav12334HZd7uQ74oA3lD+RPiddLfpnr55kGrWaAdGza8qfnKqdGbCgQ+Sjk\ncuGfEMtmckLKqgbW7+vvU3uUOS12PXHmyp2zN3qiiBKHVCT8Ys47QnFAbk9rGE3L\nNa9EMDJyyrs/v/WNhs4RHC9V0m4rmJuYiYskcPdpLgYda8Q3Nuign3FShefvS7Tg\nkKu5wlMutk8//ZgeYdCvEGeNpZOAOr/YxcCngRF19GrbtNy8Lc9ie7jOqOPL0Wqa\nfsnV8lhB0gYKda0wPC2yihUXelz198EoP6zs9MZuafvhRgfJIY2PSyEaM+MAUPiF\nB1s8b0RI92liXtlSSO8x113wn+qL3/Qz14lpbIlaumpWJ8BhCDyfIYItmlBLC98l\nt3oUvs4fRjqNcXfY8Ytde05LlfjAj9up6F++X8J4Ycbr67AEGaMnmj26iM9Otu8I\nNRBI7JxITz3tFmZPLNnJnds75NxggLLgcfNu+FLvmkTnk8t5WdDvTM/DxR8CAwEA\nAQKCAgAFZwsdTRxFWuSmoPlR+1IeBJvgVWgNkQu3P3ecxlATrDi+t5nfVFc+cXug\ngcb7TfRkQFSAvSp2pwrj9DPwLk91RIZLtVsLjMZ5dn3YJ837lOjsqxdNr5IyYyye\n1+Nrh7YoJRmWWEJTiLv8WFNW5onuQDRis+shJo8zbXtmqF7YVUFmCOidVSOu/bHz\nJLa0o+xnge4+mhNTDfnqLUYSuPVQRptrJFRK5k2g5fXGbPMZdbMNd9zRPR6uGAWg\n9Tiud2ec6Y6RuuyFZEpcL3C33pMl3Lyl5QoGjOS0eWx2dVAd+FcywRMYFhP2Azef\n/J1PFZtBzQnJQE7cXYDx81HQXe99zW8R9BauqcHXM+XmgcT90qHmDuUsnwAdR9aB\nfYAC1nsmWgbdU/4J3vGHT0/bJ844e/cuZKpnZ23k9obvoXIz/HlcwAjlgRuf7V8H\neRWQtMU5x6Y6aNdu9ApfDm9NbX5bW7gbYVrSSq8Krqg+SecEk470qL2PqFu7D8L0\nzC7WyD4VSNO38KSyc8cANv+bMYx4gpZpdkQszbXa6LIa72AgJ7dih6rRl40ORsxq\nhSB9b5yzheADE4UiEvpwL0RlfQBjY+KLf32gC/dOq4sYZ9C1KkGSz4NzXb42zlgA\no0LnKpuwIX3+Rkfd39UCLSb/eutoe6YUlMV23BUy/K/jwdSNqQKCAQEAzuE1eoIx\nC220Z0kFC/u2T8vw7qVrgqQC8Ko4tTcb3QmvoWjLKeosEnGdW3ac1GjwyYOtnzNw\n2r2QoSxTKJlKwi/EtxQbsPagNEyW/3qaQQbjcY7kmyBY79yi16zMq/5XL2VKajQC\nTXflGnJqyvc/YDfIBdiMEGkm+jgijaOy+b6LCaJKXQKyruueisUZDWQsPb3mAK7j\n5LjhxMNoPM5iWggA8p3uDb4ABRIYeztLFExfn7SoqgC6QN1Xv53LAKYSbIyeFXAy\nMtGcbEm4k810sLyLFHtvJ+pcicQpiYnaYsIEZYFX5GA6ri0w4CpKcWOoFNykOxJb\n6KxdZe7MdIGwTQKCAQEA0LvCAjLcBmqBcH+t8z45YcbSkSYaxbeuEmn8E5IMes7U\n7CsmxHwY6WiXregj13b/PpiXENW/0gbcD9rpN85BoaDHYMFZ8wxSJBXQS1glSoIR\nhhvVZjn9wVXvdm1wthK8EkiIKCeDsllc7bHMrsQhsFUhrratjQD3nKHmKP3aNZPM\nqklUH/PE7WR+oySRN6Pq6g1F/9V6/8yp4IAstg7m/3cXPF+hIV/p2yOz9lMt0O7b\nByhm4jlYWcqvTZ2GNgIt1f1m/0fTJq6xERY8DJSJNUm3nM4JsgZwS0CVBkfc0g1f\nb/+cpX3bPwusQFW5/tNnxjzjZWvjLVAWaPGRV+1hGwKCAQBPgRkuRY5XmAd2kgdQ\nfaGotPWYoRXaFPHUT3aPneglYC2Q2FcLeqUJSYRxu/m1X8b5ipNU1U4Poj5M0l37\nAj5KtlThDuc9cOpMbwqwkAtr5hvObl3Ih/vl4mLqg8v8ZThYTJL2kZo471Sqf0Iv\nUimW7pj+NiRNwjtqedw9lqWXePSx9R6i9AB7XK2HIwvnq5GdALe9l3iZU7vgBECw\n7Ze6hczncG4l9djIGhYydaz61gcBt0oCW1k4yFeKmjeDvk7iTIAMORvxj8CPlR1M\nH+8yZKMGchFbw6NghnR4GPRGc82AvN5sM9cZTOC1pUsKnIPh0JGE6h9MIcGbBNSq\nCZUZAoIBAQDLliXvIQ4LT/w57r6KHim3nUWpfsHkEHg+y5Kqv+teKLfyNVBVmjhu\nB67RVzcGI7Fmq0vEhsbWIgynhjusS4cmDvwH+e4yqdTAD2qe4jVVC7Ht3N3yHCPN\nW3T5TFr/qxw2tPngOFIyNQj3aVCbMP8uzonQr6psegIIirxDRP18/lBD0suzcn6j\nkD4X/0WIQF+SsymQEvcp4cPbDQkO9VAG4XAPWbJ+K9+a9qLDYXOxcha9T4Gxqn7q\n7U64ZCkQKmXsboD0AmkHNKHNaaNeHc4J5IGq9ibstWz3aOExRAwz8Aki4uw1WaDr\nSAZUpYiI7EcuShr8xBLLEm8ZImxBl2z7AoIBAQCWJu/RlD58L5mF2MyLeSGiDlQp\ntwhFDb4oU386yKm3/DbsAe2N/Rm2iiGAVCeugZn3+N99xM6myPhP9HAPAVs0WK8O\n7Lmc3gdL6+t3w8iVesOegJXIVgXSwIR4qmJfydZ/m0PLlf9bUC6jPn8kGmfyfmlV\nE1XaWbGNWzwA/NU+HzVEqNIm4xk9PIarG1awzJ/ccNylYVjsUNf7VDitjiOAcpuq\n0vy1N6aKGkFRx1ApeP2PTWqhEThU4CqAFa4bBu/sjyYerzKl2t9y9mKtLs+ABkg0\nM1yjWDrdSsGKbVVtkOcYtgYSd6k6yxkyWLWaDJ+4oRGIiuEGmk6bRtw53rhi\n-----END RSA PRIVATE KEY-----\n",
      "type": "string",
      "sensitive": true
    }
  },
  "resources": [
    {
      "mode": "managed",
      "type": "azurerm_linux_virtual_machine",
      "name": "example",
      "provider": "provider[\"registry.terraform.io/hashicorp/azurerm\"]",
      "instances": [
        {
          "schema_version": 0,
          "attributes": {
            "additional_capabilities": [],
            "admin_password": null,
            "admin_ssh_key": [
              {
                "public_key": "ssh-rsa AAAAB3NzaC1yc2EAAAADAQABAAABgQCmI9jIXLy77/bY1adNz4rPolWn1v6mM9E6gzc+WsxXyCvJD7q0ExZVBmckjA28EwUgfs3wkj3prOj862IC5zrBRNGdn4lv1hSQFvJor59OK1pnq2rDVlgGqG4gx/8/mJ0x8ThMTl1eXsNbml7othi5b5rq/f0DZ1Zqdh3ytF7YjSd5pC4qhnH1O+A0M+4v/RoXrkrFOUOme92eLWrb0T4D+euismC0gA0xddgYSt9n9QkQfYi0ZkrTKTXswyTAwThQqYUWflF5KYvSA4iDNXulV45xta5SXt5+m8Y00uCrTApXJWFWOizU5lW1gEEVPb2/keWt01K9qpiWWePmw21u+eMNf96rHjkNDiOG5i3keWgcWD3JnUN/HV4ceWfBIXxsVknHkNHmu5wMX5/brNOZTFZnep8V4eeh5HgZ5nWN2K7wtZRNGwLliJGBmoF6HA9Y7qjAx9BQPk2CqPrVJSOej2h4XE1E/KmzxA6GaeqsXzVs/MQn2n7mOhBqMmQ1tnk= fx\\adm.salma.bakir@FXCOYULAPjsCvtr\r\n",
                "username": "azureuser"
              }
            ],
            "admin_username": "azureuser",
            "allow_extension_operations": true,
            "availability_set_id": "",
            "boot_diagnostics": [
              {
                "storage_account_uri": "https://diagb2f0f6e38d48878a.blob.core.windows.net/"
              }
            ],
            "computer_name": "myvm",
            "custom_data": null,
            "dedicated_host_group_id": "",
            "dedicated_host_id": "",
            "disable_password_authentication": true,
            "encryption_at_host_enabled": false,
            "eviction_policy": "",
            "extensions_time_budget": "PT1H30M",
            "id": "/subscriptions/e469a261-e6fc-4363-94f1-3d8cdb259ec7/resourceGroups/rg-stable-kit/providers/Microsoft.Compute/virtualMachines/instance-salma",
            "identity": [
              {
                "identity_ids": [],
                "principal_id": "e48086f2-4f7c-4a5e-9935-8e6ce80ec66d",
                "tenant_id": "219647b6-1ea6-409d-b9cc-0893cb535884",
                "type": "SystemAssigned"
              }
            ],
            "license_type": "",
            "location": "eastus",
            "max_bid_price": -1,
            "name": "instance-salma",
            "network_interface_ids": [
              "/subscriptions/e469a261-e6fc-4363-94f1-3d8cdb259ec7/resourceGroups/rg-stable-kit/providers/Microsoft.Network/networkInterfaces/myNIC"
            ],
            "os_disk": [
              {
                "caching": "ReadWrite",
                "diff_disk_settings": [],
                "disk_encryption_set_id": "",
                "disk_size_gb": 30,
                "name": "myOsDisk",
                "storage_account_type": "Premium_LRS",
                "write_accelerator_enabled": false
              }
            ],
            "patch_mode": "ImageDefault",
            "plan": [],
            "platform_fault_domain": -1,
            "priority": "Regular",
            "private_ip_address": "10.0.1.4",
            "private_ip_addresses": [
              "10.0.1.4"
            ],
            "provision_vm_agent": true,
            "proximity_placement_group_id": "",
            "public_ip_address": "13.82.187.245",
            "public_ip_addresses": [
              "13.82.187.245"
            ],
            "resource_group_name": "rg-stable-kit",
            "secret": [],
            "secure_boot_enabled": false,
            "size": "Standard_DS1_v2",
            "source_image_id": "",
            "source_image_reference": [
              {
                "offer": "UbuntuServer",
                "publisher": "Canonical",
                "sku": "18.04-LTS",
                "version": "latest"
              }
            ],
            "tags": {},
            "timeouts": null,
            "user_data": "",
            "virtual_machine_id": "1f1e4b3f-6e38-4703-8ad2-e000e69b2e84",
            "virtual_machine_scale_set_id": "",
            "vtpm_enabled": false,
            "zone": ""
          },
          "sensitive_attributes": [],
          "private": "eyJlMmJmYjczMC1lY2FhLTExZTYtOGY4OC0zNDM2M2JjN2M0YzAiOnsiY3JlYXRlIjoyNzAwMDAwMDAwMDAwLCJkZWxldGUiOjI3MDAwMDAwMDAwMDAsInJlYWQiOjMwMDAwMDAwMDAwMCwidXBkYXRlIjoyNzAwMDAwMDAwMDAwfX0=",
          "dependencies": [
            "azurerm_network_interface.myterraformnic",
            "azurerm_resource_group.rg",
            "azurerm_storage_account.mystorageaccount"
          ]
        }
      ]
    },
    {
      "mode": "managed",
      "type": "azurerm_network_interface",
      "name": "myterraformnic",
      "provider": "provider[\"registry.terraform.io/hashicorp/azurerm\"]",
      "instances": [
        {
          "schema_version": 0,
          "attributes": {
            "applied_dns_servers": [],
            "dns_servers": [],
            "enable_accelerated_networking": false,
            "enable_ip_forwarding": false,
            "id": "/subscriptions/e469a261-e6fc-4363-94f1-3d8cdb259ec7/resourceGroups/rg-stable-kit/providers/Microsoft.Network/networkInterfaces/myNIC",
            "internal_dns_name_label": "",
            "internal_domain_name_suffix": "po4uelcuyhhu1bjmwzjvgobhld.bx.internal.cloudapp.net",
            "ip_configuration": [
              {
                "gateway_load_balancer_frontend_ip_configuration_id": "",
                "name": "myNicConfiguration",
                "primary": true,
                "private_ip_address": "10.0.1.4",
                "private_ip_address_allocation": "Dynamic",
                "private_ip_address_version": "IPv4",
                "public_ip_address_id": "/subscriptions/e469a261-e6fc-4363-94f1-3d8cdb259ec7/resourceGroups/rg-stable-kit/providers/Microsoft.Network/publicIPAddresses/myPublicIP",
                "subnet_id": "/subscriptions/e469a261-e6fc-4363-94f1-3d8cdb259ec7/resourceGroups/rg-stable-kit/providers/Microsoft.Network/virtualNetworks/myVnet/subnets/mySubnet"
              }
            ],
            "location": "eastus",
            "mac_address": "60-45-BD-EB-B4-D6",
            "name": "myNIC",
            "private_ip_address": "10.0.1.4",
            "private_ip_addresses": [
              "10.0.1.4"
            ],
            "resource_group_name": "rg-stable-kit",
            "tags": {},
            "timeouts": null,
            "virtual_machine_id": "/subscriptions/e469a261-e6fc-4363-94f1-3d8cdb259ec7/resourceGroups/rg-stable-kit/providers/Microsoft.Compute/virtualMachines/instance-salma"
          },
          "sensitive_attributes": [],
          "private": "eyJlMmJmYjczMC1lY2FhLTExZTYtOGY4OC0zNDM2M2JjN2M0YzAiOnsiY3JlYXRlIjoxODAwMDAwMDAwMDAwLCJkZWxldGUiOjE4MDAwMDAwMDAwMDAsInJlYWQiOjMwMDAwMDAwMDAwMCwidXBkYXRlIjoxODAwMDAwMDAwMDAwfX0=",
          "dependencies": [
            "azurerm_public_ip.myterraformpublicip",
            "azurerm_resource_group.rg",
            "azurerm_subnet.myterraformsubnet",
            "azurerm_virtual_network.myinstancenetwork",
            "random_pet.rg-name"
          ]
        }
      ]
    },
    {
      "mode": "managed",
      "type": "azurerm_network_interface_security_group_association",
      "name": "example",
      "provider": "provider[\"registry.terraform.io/hashicorp/azurerm\"]",
      "instances": [
        {
          "schema_version": 0,
          "attributes": {
            "id": "/subscriptions/e469a261-e6fc-4363-94f1-3d8cdb259ec7/resourceGroups/rg-stable-kit/providers/Microsoft.Network/networkInterfaces/myNIC|/subscriptions/e469a261-e6fc-4363-94f1-3d8cdb259ec7/resourceGroups/rg-stable-kit/providers/Microsoft.Network/networkSecurityGroups/myNetworkSecurityGroup",
            "network_interface_id": "/subscriptions/e469a261-e6fc-4363-94f1-3d8cdb259ec7/resourceGroups/rg-stable-kit/providers/Microsoft.Network/networkInterfaces/myNIC",
            "network_security_group_id": "/subscriptions/e469a261-e6fc-4363-94f1-3d8cdb259ec7/resourceGroups/rg-stable-kit/providers/Microsoft.Network/networkSecurityGroups/myNetworkSecurityGroup",
            "timeouts": null
          },
          "sensitive_attributes": [],
          "private": "eyJlMmJmYjczMC1lY2FhLTExZTYtOGY4OC0zNDM2M2JjN2M0YzAiOnsiY3JlYXRlIjoxODAwMDAwMDAwMDAwLCJkZWxldGUiOjE4MDAwMDAwMDAwMDAsInJlYWQiOjMwMDAwMDAwMDAwMCwidXBkYXRlIjoxODAwMDAwMDAwMDAwfX0=",
          "dependencies": [
            "azurerm_network_interface.myterraformnic",
            "azurerm_network_security_group.myterraformnsg",
            "azurerm_public_ip.myterraformpublicip",
            "azurerm_resource_group.rg",
            "azurerm_subnet.myterraformsubnet",
            "azurerm_virtual_network.myinstancenetwork",
            "random_pet.rg-name"
          ]
        }
      ]
    },
    {
      "mode": "managed",
      "type": "azurerm_network_security_group",
      "name": "myterraformnsg",
      "provider": "provider[\"registry.terraform.io/hashicorp/azurerm\"]",
      "instances": [
        {
          "schema_version": 0,
          "attributes": {
            "id": "/subscriptions/e469a261-e6fc-4363-94f1-3d8cdb259ec7/resourceGroups/rg-stable-kit/providers/Microsoft.Network/networkSecurityGroups/myNetworkSecurityGroup",
            "location": "eastus",
            "name": "myNetworkSecurityGroup",
            "resource_group_name": "rg-stable-kit",
            "security_rule": [
              {
                "access": "Allow",
                "description": "",
                "destination_address_prefix": "*",
                "destination_address_prefixes": [],
                "destination_application_security_group_ids": [],
                "destination_port_range": "22",
                "destination_port_ranges": [],
                "direction": "Inbound",
                "name": "SSH",
                "priority": 1001,
                "protocol": "Tcp",
                "source_address_prefix": "*",
                "source_address_prefixes": [],
                "source_application_security_group_ids": [],
                "source_port_range": "*",
                "source_port_ranges": []
              }
            ],
            "tags": {},
            "timeouts": null
          },
          "sensitive_attributes": [],
          "private": "eyJlMmJmYjczMC1lY2FhLTExZTYtOGY4OC0zNDM2M2JjN2M0YzAiOnsiY3JlYXRlIjoxODAwMDAwMDAwMDAwLCJkZWxldGUiOjE4MDAwMDAwMDAwMDAsInJlYWQiOjMwMDAwMDAwMDAwMCwidXBkYXRlIjoxODAwMDAwMDAwMDAwfX0=",
          "dependencies": [
            "azurerm_resource_group.rg",
            "random_pet.rg-name"
          ]
        }
      ]
    },
    {
      "mode": "managed",
      "type": "azurerm_public_ip",
      "name": "myterraformpublicip",
      "provider": "provider[\"registry.terraform.io/hashicorp/azurerm\"]",
      "instances": [
        {
          "schema_version": 0,
          "attributes": {
            "allocation_method": "Dynamic",
            "availability_zone": "No-Zone",
            "domain_name_label": null,
            "fqdn": null,
            "id": "/subscriptions/e469a261-e6fc-4363-94f1-3d8cdb259ec7/resourceGroups/rg-stable-kit/providers/Microsoft.Network/publicIPAddresses/myPublicIP",
            "idle_timeout_in_minutes": 4,
            "ip_address": "13.82.187.245",
            "ip_tags": {},
            "ip_version": "IPv4",
            "location": "eastus",
            "name": "myPublicIP",
            "public_ip_prefix_id": null,
            "resource_group_name": "rg-stable-kit",
            "reverse_fqdn": null,
            "sku": "Basic",
            "sku_tier": "Regional",
            "tags": {},
            "timeouts": null,
            "zones": []
          },
          "sensitive_attributes": [],
          "private": "eyJlMmJmYjczMC1lY2FhLTExZTYtOGY4OC0zNDM2M2JjN2M0YzAiOnsiY3JlYXRlIjoxODAwMDAwMDAwMDAwLCJkZWxldGUiOjE4MDAwMDAwMDAwMDAsInJlYWQiOjMwMDAwMDAwMDAwMCwidXBkYXRlIjoxODAwMDAwMDAwMDAwfX0=",
          "dependencies": [
            "azurerm_resource_group.rg",
            "random_pet.rg-name"
          ]
        }
      ]
    },
    {
      "mode": "managed",
      "type": "azurerm_resource_group",
      "name": "rg",
      "provider": "provider[\"registry.terraform.io/hashicorp/azurerm\"]",
      "instances": [
        {
          "schema_version": 0,
          "attributes": {
            "id": "/subscriptions/e469a261-e6fc-4363-94f1-3d8cdb259ec7/resourceGroups/rg-stable-kit",
            "location": "eastus",
            "name": "rg-stable-kit",
            "tags": {},
            "timeouts": null
          },
          "sensitive_attributes": [],
          "private": "eyJlMmJmYjczMC1lY2FhLTExZTYtOGY4OC0zNDM2M2JjN2M0YzAiOnsiY3JlYXRlIjo1NDAwMDAwMDAwMDAwLCJkZWxldGUiOjU0MDAwMDAwMDAwMDAsInJlYWQiOjMwMDAwMDAwMDAwMCwidXBkYXRlIjo1NDAwMDAwMDAwMDAwfX0=",
          "dependencies": [
            "random_pet.rg-name"
          ]
        }
      ]
    },
    {
      "mode": "managed",
      "type": "azurerm_storage_account",
      "name": "mystorageaccount",
      "provider": "provider[\"registry.terraform.io/hashicorp/azurerm\"]",
      "instances": [
        {
          "schema_version": 2,
          "attributes": {
            "access_tier": "Hot",
            "account_kind": "StorageV2",
            "account_replication_type": "LRS",
            "account_tier": "Standard",
            "allow_blob_public_access": false,
            "azure_files_authentication": [],
            "blob_properties": [
              {
                "change_feed_enabled": false,
                "container_delete_retention_policy": [],
                "cors_rule": [],
                "default_service_version": "",
                "delete_retention_policy": [],
                "last_access_time_enabled": false,
                "versioning_enabled": false
              }
            ],
            "custom_domain": [],
            "customer_managed_key": [],
            "enable_https_traffic_only": true,
            "id": "/subscriptions/e469a261-e6fc-4363-94f1-3d8cdb259ec7/resourceGroups/rg-stable-kit/providers/Microsoft.Storage/storageAccounts/diagb2f0f6e38d48878a",
            "identity": [],
            "infrastructure_encryption_enabled": false,
            "is_hns_enabled": false,
            "large_file_share_enabled": null,
            "location": "eastus",
            "min_tls_version": "TLS1_0",
            "name": "diagb2f0f6e38d48878a",
            "network_rules": [
              {
                "bypass": [
                  "AzureServices"
                ],
                "default_action": "Allow",
                "ip_rules": [],
                "private_link_access": [],
                "virtual_network_subnet_ids": []
              }
            ],
            "nfsv3_enabled": false,
            "primary_access_key": "Rbt+a7sroU8VvLtZad5iTah0w0TqNwbioiqMTaLPPoT23znNx79Db0fZ7MiWEbGTEeH98ZFufLlU+ASt1yYKcg==",
            "primary_blob_connection_string": "DefaultEndpointsProtocol=https;BlobEndpoint=https://diagb2f0f6e38d48878a.blob.core.windows.net/;AccountName=diagb2f0f6e38d48878a;AccountKey=Rbt+a7sroU8VvLtZad5iTah0w0TqNwbioiqMTaLPPoT23znNx79Db0fZ7MiWEbGTEeH98ZFufLlU+ASt1yYKcg==",
            "primary_blob_endpoint": "https://diagb2f0f6e38d48878a.blob.core.windows.net/",
            "primary_blob_host": "diagb2f0f6e38d48878a.blob.core.windows.net",
            "primary_connection_string": "DefaultEndpointsProtocol=https;AccountName=diagb2f0f6e38d48878a;AccountKey=Rbt+a7sroU8VvLtZad5iTah0w0TqNwbioiqMTaLPPoT23znNx79Db0fZ7MiWEbGTEeH98ZFufLlU+ASt1yYKcg==;EndpointSuffix=core.windows.net",
            "primary_dfs_endpoint": "https://diagb2f0f6e38d48878a.dfs.core.windows.net/",
            "primary_dfs_host": "diagb2f0f6e38d48878a.dfs.core.windows.net",
            "primary_file_endpoint": "https://diagb2f0f6e38d48878a.file.core.windows.net/",
            "primary_file_host": "diagb2f0f6e38d48878a.file.core.windows.net",
            "primary_location": "eastus",
            "primary_queue_endpoint": "https://diagb2f0f6e38d48878a.queue.core.windows.net/",
            "primary_queue_host": "diagb2f0f6e38d48878a.queue.core.windows.net",
            "primary_table_endpoint": "https://diagb2f0f6e38d48878a.table.core.windows.net/",
            "primary_table_host": "diagb2f0f6e38d48878a.table.core.windows.net",
            "primary_web_endpoint": "https://diagb2f0f6e38d48878a.z13.web.core.windows.net/",
            "primary_web_host": "diagb2f0f6e38d48878a.z13.web.core.windows.net",
            "queue_encryption_key_type": "Service",
            "queue_properties": [
              {
                "cors_rule": [],
                "hour_metrics": [
                  {
                    "enabled": true,
                    "include_apis": true,
                    "retention_policy_days": 7,
                    "version": "1.0"
                  }
                ],
                "logging": [
                  {
                    "delete": false,
                    "read": false,
                    "retention_policy_days": 0,
                    "version": "1.0",
                    "write": false
                  }
                ],
                "minute_metrics": [
                  {
                    "enabled": false,
                    "include_apis": false,
                    "retention_policy_days": 0,
                    "version": "1.0"
                  }
                ]
              }
            ],
            "resource_group_name": "rg-stable-kit",
            "routing": [],
            "secondary_access_key": "/WN/2CSvhVUTHMcXpzUuMhI/o/XfIPf83CnQqOVu0RVSbSKq6t4Ka0Hh/O+JQMpmrtQXP+AESzrc+AStQ3p8jQ==",
            "secondary_blob_connection_string": "",
            "secondary_blob_endpoint": null,
            "secondary_blob_host": null,
            "secondary_connection_string": "DefaultEndpointsProtocol=https;AccountName=diagb2f0f6e38d48878a;AccountKey=/WN/2CSvhVUTHMcXpzUuMhI/o/XfIPf83CnQqOVu0RVSbSKq6t4Ka0Hh/O+JQMpmrtQXP+AESzrc+AStQ3p8jQ==;EndpointSuffix=core.windows.net",
            "secondary_dfs_endpoint": null,
            "secondary_dfs_host": null,
            "secondary_file_endpoint": null,
            "secondary_file_host": null,
            "secondary_location": "",
            "secondary_queue_endpoint": null,
            "secondary_queue_host": null,
            "secondary_table_endpoint": null,
            "secondary_table_host": null,
            "secondary_web_endpoint": null,
            "secondary_web_host": null,
            "share_properties": [
              {
                "cors_rule": [],
                "retention_policy": [
                  {
                    "days": 7
                  }
                ],
                "smb": []
              }
            ],
            "shared_access_key_enabled": true,
            "static_website": [],
            "table_encryption_key_type": "Service",
            "tags": {},
            "timeouts": null
          },
          "sensitive_attributes": [],
          "private": "eyJlMmJmYjczMC1lY2FhLTExZTYtOGY4OC0zNDM2M2JjN2M0YzAiOnsiY3JlYXRlIjozNjAwMDAwMDAwMDAwLCJkZWxldGUiOjM2MDAwMDAwMDAwMDAsInJlYWQiOjMwMDAwMDAwMDAwMCwidXBkYXRlIjozNjAwMDAwMDAwMDAwfSwic2NoZW1hX3ZlcnNpb24iOiIyIn0=",
          "dependencies": [
            "azurerm_resource_group.rg",
            "random_id.randomId",
            "random_pet.rg-name"
          ]
        }
      ]
    },
    {
      "mode": "managed",
      "type": "azurerm_subnet",
      "name": "myterraformsubnet",
      "provider": "provider[\"registry.terraform.io/hashicorp/azurerm\"]",
      "instances": [
        {
          "schema_version": 0,
          "attributes": {
            "address_prefix": "10.0.1.0/24",
            "address_prefixes": [
              "10.0.1.0/24"
            ],
            "delegation": [],
            "enforce_private_link_endpoint_network_policies": false,
            "enforce_private_link_service_network_policies": false,
            "id": "/subscriptions/e469a261-e6fc-4363-94f1-3d8cdb259ec7/resourceGroups/rg-stable-kit/providers/Microsoft.Network/virtualNetworks/myVnet/subnets/mySubnet",
            "name": "mySubnet",
            "resource_group_name": "rg-stable-kit",
            "service_endpoint_policy_ids": [],
            "service_endpoints": [],
            "timeouts": null,
            "virtual_network_name": "myVnet"
          },
          "sensitive_attributes": [],
          "private": "eyJlMmJmYjczMC1lY2FhLTExZTYtOGY4OC0zNDM2M2JjN2M0YzAiOnsiY3JlYXRlIjoxODAwMDAwMDAwMDAwLCJkZWxldGUiOjE4MDAwMDAwMDAwMDAsInJlYWQiOjMwMDAwMDAwMDAwMCwidXBkYXRlIjoxODAwMDAwMDAwMDAwfX0=",
          "dependencies": [
            "azurerm_resource_group.rg",
            "azurerm_virtual_network.myinstancenetwork",
            "random_pet.rg-name"
          ]
        }
      ]
    },
    {
      "mode": "managed",
      "type": "azurerm_virtual_network",
      "name": "myinstancenetwork",
      "provider": "provider[\"registry.terraform.io/hashicorp/azurerm\"]",
      "instances": [
        {
          "schema_version": 0,
          "attributes": {
            "address_space": [
              "10.0.0.0/16"
            ],
            "bgp_community": "",
            "ddos_protection_plan": [],
            "dns_servers": [],
            "flow_timeout_in_minutes": 0,
            "guid": "2c42bd7b-c154-4dcf-852c-b6535338275b",
            "id": "/subscriptions/e469a261-e6fc-4363-94f1-3d8cdb259ec7/resourceGroups/rg-stable-kit/providers/Microsoft.Network/virtualNetworks/myVnet",
            "location": "eastus",
            "name": "myVnet",
            "resource_group_name": "rg-stable-kit",
            "subnet": [
              {
                "address_prefix": "10.0.1.0/24",
                "id": "/subscriptions/e469a261-e6fc-4363-94f1-3d8cdb259ec7/resourceGroups/rg-stable-kit/providers/Microsoft.Network/virtualNetworks/myVnet/subnets/mySubnet",
                "name": "mySubnet",
                "security_group": ""
              }
            ],
            "tags": {},
            "timeouts": null,
            "vm_protection_enabled": false
          },
          "sensitive_attributes": [],
          "private": "eyJlMmJmYjczMC1lY2FhLTExZTYtOGY4OC0zNDM2M2JjN2M0YzAiOnsiY3JlYXRlIjoxODAwMDAwMDAwMDAwLCJkZWxldGUiOjE4MDAwMDAwMDAwMDAsInJlYWQiOjMwMDAwMDAwMDAwMCwidXBkYXRlIjoxODAwMDAwMDAwMDAwfX0=",
          "dependencies": [
            "azurerm_resource_group.rg",
            "random_pet.rg-name"
          ]
        }
      ]
    },
    {
      "mode": "managed",
      "type": "null_resource",
      "name": "install_nginx",
      "provider": "provider[\"registry.terraform.io/hashicorp/null\"]",
      "instances": [
        {
          "schema_version": 0,
          "attributes": {
            "id": "6181850941052350456",
            "triggers": null
          },
          "sensitive_attributes": [],
          "dependencies": [
            "azurerm_linux_virtual_machine.example",
            "azurerm_network_interface.myterraformnic",
            "azurerm_resource_group.rg",
            "azurerm_storage_account.mystorageaccount"
          ]
        }
      ]
    },
    {
      "mode": "managed",
      "type": "random_id",
      "name": "randomId",
      "provider": "provider[\"registry.terraform.io/hashicorp/random\"]",
      "instances": [
        {
          "schema_version": 0,
          "attributes": {
            "b64_std": "svD2441Ih4o=",
            "b64_url": "svD2441Ih4o",
            "byte_length": 8,
            "dec": "12894077190350079882",
            "hex": "b2f0f6e38d48878a",
            "id": "svD2441Ih4o",
            "keepers": {
              "resource_group": "rg-stable-kit"
            },
            "prefix": null
          },
          "sensitive_attributes": [],
          "dependencies": [
            "azurerm_resource_group.rg",
            "random_pet.rg-name"
          ]
        }
      ]
    },
    {
      "mode": "managed",
      "type": "random_pet",
      "name": "rg-name",
      "provider": "provider[\"registry.terraform.io/hashicorp/random\"]",
      "instances": [
        {
          "schema_version": 0,
          "attributes": {
            "id": "rg-stable-kit",
            "keepers": null,
            "length": 2,
            "prefix": "rg",
            "separator": "-"
          },
          "sensitive_attributes": []
        }
      ]
    },
    {
      "mode": "managed",
      "type": "tls_private_key",
      "name": "example_ssh",
      "provider": "provider[\"registry.terraform.io/hashicorp/tls\"]",
      "instances": [
        {
          "schema_version": 1,
          "attributes": {
            "algorithm": "RSA",
            "ecdsa_curve": "P224",
            "id": "fdef737cd1f8f8b3c09f9349c93e8849b9231097",
            "private_key_openssh": "-----BEGIN OPENSSH PRIVATE KEY-----\nb3BlbnNzaC1rZXktdjEAAAAABG5vbmUAAAAEbm9uZQAAAAAAAAABAAACFwAAAAdz\nc2gtcnNhAAAAAwEAAQAAAgEAqK62vgun/+Xmkswo2iXSD7MmiILKk7WD4K2JPNmv\ngLULNo9Bm4dTo+J+Wi4KIgUV20FXk+aI0fWzCoAMPjs620l9hzbabIZn8P6S7BPG\nW9Mt7bUcgxhBnGbQzXKOI0NoQr63m7pRsJwNyp5E78ObmVLj7/Af1zn5qAav4zBb\nzUaVcJvynQ7hpav12334HZd7uQ74oA3lD+RPiddLfpnr55kGrWaAdGza8qfnKqdG\nbCgQ+SjkcuGfEMtmckLKqgbW7+vvU3uUOS12PXHmyp2zN3qiiBKHVCT8Ys47QnFA\nbk9rGE3LNa9EMDJyyrs/v/WNhs4RHC9V0m4rmJuYiYskcPdpLgYda8Q3Nuign3FS\nhefvS7TgkKu5wlMutk8//ZgeYdCvEGeNpZOAOr/YxcCngRF19GrbtNy8Lc9ie7jO\nqOPL0WqafsnV8lhB0gYKda0wPC2yihUXelz198EoP6zs9MZuafvhRgfJIY2PSyEa\nM+MAUPiFB1s8b0RI92liXtlSSO8x113wn+qL3/Qz14lpbIlaumpWJ8BhCDyfIYIt\nmlBLC98lt3oUvs4fRjqNcXfY8Ytde05LlfjAj9up6F++X8J4Ycbr67AEGaMnmj26\niM9Otu8INRBI7JxITz3tFmZPLNnJnds75NxggLLgcfNu+FLvmkTnk8t5WdDvTM/D\nxR8AAAc4rJFviKyRb4gAAAAHc3NoLXJzYQAAAgEAqK62vgun/+Xmkswo2iXSD7Mm\niILKk7WD4K2JPNmvgLULNo9Bm4dTo+J+Wi4KIgUV20FXk+aI0fWzCoAMPjs620l9\nhzbabIZn8P6S7BPGW9Mt7bUcgxhBnGbQzXKOI0NoQr63m7pRsJwNyp5E78ObmVLj\n7/Af1zn5qAav4zBbzUaVcJvynQ7hpav12334HZd7uQ74oA3lD+RPiddLfpnr55kG\nrWaAdGza8qfnKqdGbCgQ+SjkcuGfEMtmckLKqgbW7+vvU3uUOS12PXHmyp2zN3qi\niBKHVCT8Ys47QnFAbk9rGE3LNa9EMDJyyrs/v/WNhs4RHC9V0m4rmJuYiYskcPdp\nLgYda8Q3Nuign3FShefvS7TgkKu5wlMutk8//ZgeYdCvEGeNpZOAOr/YxcCngRF1\n9GrbtNy8Lc9ie7jOqOPL0WqafsnV8lhB0gYKda0wPC2yihUXelz198EoP6zs9MZu\nafvhRgfJIY2PSyEaM+MAUPiFB1s8b0RI92liXtlSSO8x113wn+qL3/Qz14lpbIla\numpWJ8BhCDyfIYItmlBLC98lt3oUvs4fRjqNcXfY8Ytde05LlfjAj9up6F++X8J4\nYcbr67AEGaMnmj26iM9Otu8INRBI7JxITz3tFmZPLNnJnds75NxggLLgcfNu+FLv\nmkTnk8t5WdDvTM/DxR8AAAADAQABAAACAAVnCx1NHEVa5Kag+VH7Uh4Em+BVaA2R\nC7c/d5zGUBOsOL63md9UVz5xe6CBxvtN9GRAVIC9KnanCuP0M/AuT3VEhku1WwuM\nxnl2fdgnzfuU6OyrF02vkjJjLJ7X42uHtiglGZZYQlOIu/xYU1bmie5ANGKz6yEm\njzNte2aoXthVQWYI6J1VI679sfMktrSj7GeB7j6aE1MN+eotRhK49VBGm2skVErm\nTaDl9cZs8xl1sw133NE9Hq4YBaD1OK53Z5zpjpG67IVkSlwvcLfekyXcvKXlCgaM\n5LR5bHZ1UB34VzLBExgWE/YDN5/8nU8Vm0HNCclATtxdgPHzUdBd733NbxH0Fq6p\nwdcz5eaBxP3SoeYO5SyfAB1H1oF9gALWeyZaBt1T/gne8YdPT9snzjh79y5kqmdn\nbeT2hu+hcjP8eVzACOWBG5/tXwd5FZC0xTnHpjpo1270Cl8Ob01tfltbuBthWtJK\nrwquqD5J5wSTjvSovY+oW7sPwvTMLtbIPhVI07fwpLJzxwA2/5sxjHiClml2RCzN\ntdroshrvYCAnt2KHqtGXjQ5GzGqFIH1vnLOF4AMThSIS+nAvRGV9AGNj4ot/faAL\n906rixhn0LUqQZLPg3NdvjbOWACjQucqm7Ahff5GR93f1QItJv9662h7phSUxXbc\nFTL8r+PB1I2pAAABAQCWJu/RlD58L5mF2MyLeSGiDlQptwhFDb4oU386yKm3/Dbs\nAe2N/Rm2iiGAVCeugZn3+N99xM6myPhP9HAPAVs0WK8O7Lmc3gdL6+t3w8iVesOe\ngJXIVgXSwIR4qmJfydZ/m0PLlf9bUC6jPn8kGmfyfmlVE1XaWbGNWzwA/NU+HzVE\nqNIm4xk9PIarG1awzJ/ccNylYVjsUNf7VDitjiOAcpuq0vy1N6aKGkFRx1ApeP2P\nTWqhEThU4CqAFa4bBu/sjyYerzKl2t9y9mKtLs+ABkg0M1yjWDrdSsGKbVVtkOcY\ntgYSd6k6yxkyWLWaDJ+4oRGIiuEGmk6bRtw53rhiAAABAQDO4TV6gjELbbRnSQUL\n+7ZPy/DupWuCpALwqji1NxvdCa+haMsp6iwScZ1bdpzUaPDJg62fM3DavZChLFMo\nmUrCL8S3FBuw9qA0TJb/eppBBuNxjuSbIFjv3KLXrMyr/lcvZUpqNAJNd+UacmrK\n9z9gN8gF2IwQaSb6OCKNo7L5vosJokpdArKu656KxRkNZCw9veYAruPkuOHEw2g8\nzmJaCADyne4NvgAFEhh7O0sUTF+ftKiqALpA3Ve/ncsAphJsjJ4VcDIy0ZxsSbiT\nzXSwvIsUe28n6lyJxCmJidpiwgRlgVfkYDquLTDgKkpxY6gU3KQ7ElvorF1l7sx0\ngbBNAAABAQDQu8ICMtwGaoFwf63zPjlhxtKRJhrFt64SafwTkgx6ztTsKybEfBjp\naJet6CPXdv8+mJcQ1b/SBtwP2uk3zkGhoMdgwVnzDFIkFdBLWCVKghGGG9VmOf3B\nVe92bXC2ErwSSIgoJ4OyWVztscyuxCGwVSGutq2NAPecoeYo/do1k8yqSVQf88Tt\nZH6jJJE3o+rqDUX/1Xr/zKnggCy2Dub/dxc8X6EhX+nbI7P2Uy3Q7tsHKGbiOVhZ\nyq9NnYY2Ai3V/Wb/R9MmrrERFjwMlIk1SbeczgmyBnBLQJUGR9zSDV9v/5ylfds/\nC6xAVbn+02fGPONla+MtUBZo8ZFX7WEbAAAAAAEC\n-----END OPENSSH PRIVATE KEY-----\n",
            "private_key_pem": "-----BEGIN RSA PRIVATE KEY-----\nMIIJKQIBAAKCAgEAqK62vgun/+Xmkswo2iXSD7MmiILKk7WD4K2JPNmvgLULNo9B\nm4dTo+J+Wi4KIgUV20FXk+aI0fWzCoAMPjs620l9hzbabIZn8P6S7BPGW9Mt7bUc\ngxhBnGbQzXKOI0NoQr63m7pRsJwNyp5E78ObmVLj7/Af1zn5qAav4zBbzUaVcJvy\nnQ7hpav12334HZd7uQ74oA3lD+RPiddLfpnr55kGrWaAdGza8qfnKqdGbCgQ+Sjk\ncuGfEMtmckLKqgbW7+vvU3uUOS12PXHmyp2zN3qiiBKHVCT8Ys47QnFAbk9rGE3L\nNa9EMDJyyrs/v/WNhs4RHC9V0m4rmJuYiYskcPdpLgYda8Q3Nuign3FShefvS7Tg\nkKu5wlMutk8//ZgeYdCvEGeNpZOAOr/YxcCngRF19GrbtNy8Lc9ie7jOqOPL0Wqa\nfsnV8lhB0gYKda0wPC2yihUXelz198EoP6zs9MZuafvhRgfJIY2PSyEaM+MAUPiF\nB1s8b0RI92liXtlSSO8x113wn+qL3/Qz14lpbIlaumpWJ8BhCDyfIYItmlBLC98l\nt3oUvs4fRjqNcXfY8Ytde05LlfjAj9up6F++X8J4Ycbr67AEGaMnmj26iM9Otu8I\nNRBI7JxITz3tFmZPLNnJnds75NxggLLgcfNu+FLvmkTnk8t5WdDvTM/DxR8CAwEA\nAQKCAgAFZwsdTRxFWuSmoPlR+1IeBJvgVWgNkQu3P3ecxlATrDi+t5nfVFc+cXug\ngcb7TfRkQFSAvSp2pwrj9DPwLk91RIZLtVsLjMZ5dn3YJ837lOjsqxdNr5IyYyye\n1+Nrh7YoJRmWWEJTiLv8WFNW5onuQDRis+shJo8zbXtmqF7YVUFmCOidVSOu/bHz\nJLa0o+xnge4+mhNTDfnqLUYSuPVQRptrJFRK5k2g5fXGbPMZdbMNd9zRPR6uGAWg\n9Tiud2ec6Y6RuuyFZEpcL3C33pMl3Lyl5QoGjOS0eWx2dVAd+FcywRMYFhP2Azef\n/J1PFZtBzQnJQE7cXYDx81HQXe99zW8R9BauqcHXM+XmgcT90qHmDuUsnwAdR9aB\nfYAC1nsmWgbdU/4J3vGHT0/bJ844e/cuZKpnZ23k9obvoXIz/HlcwAjlgRuf7V8H\neRWQtMU5x6Y6aNdu9ApfDm9NbX5bW7gbYVrSSq8Krqg+SecEk470qL2PqFu7D8L0\nzC7WyD4VSNO38KSyc8cANv+bMYx4gpZpdkQszbXa6LIa72AgJ7dih6rRl40ORsxq\nhSB9b5yzheADE4UiEvpwL0RlfQBjY+KLf32gC/dOq4sYZ9C1KkGSz4NzXb42zlgA\no0LnKpuwIX3+Rkfd39UCLSb/eutoe6YUlMV23BUy/K/jwdSNqQKCAQEAzuE1eoIx\nC220Z0kFC/u2T8vw7qVrgqQC8Ko4tTcb3QmvoWjLKeosEnGdW3ac1GjwyYOtnzNw\n2r2QoSxTKJlKwi/EtxQbsPagNEyW/3qaQQbjcY7kmyBY79yi16zMq/5XL2VKajQC\nTXflGnJqyvc/YDfIBdiMEGkm+jgijaOy+b6LCaJKXQKyruueisUZDWQsPb3mAK7j\n5LjhxMNoPM5iWggA8p3uDb4ABRIYeztLFExfn7SoqgC6QN1Xv53LAKYSbIyeFXAy\nMtGcbEm4k810sLyLFHtvJ+pcicQpiYnaYsIEZYFX5GA6ri0w4CpKcWOoFNykOxJb\n6KxdZe7MdIGwTQKCAQEA0LvCAjLcBmqBcH+t8z45YcbSkSYaxbeuEmn8E5IMes7U\n7CsmxHwY6WiXregj13b/PpiXENW/0gbcD9rpN85BoaDHYMFZ8wxSJBXQS1glSoIR\nhhvVZjn9wVXvdm1wthK8EkiIKCeDsllc7bHMrsQhsFUhrratjQD3nKHmKP3aNZPM\nqklUH/PE7WR+oySRN6Pq6g1F/9V6/8yp4IAstg7m/3cXPF+hIV/p2yOz9lMt0O7b\nByhm4jlYWcqvTZ2GNgIt1f1m/0fTJq6xERY8DJSJNUm3nM4JsgZwS0CVBkfc0g1f\nb/+cpX3bPwusQFW5/tNnxjzjZWvjLVAWaPGRV+1hGwKCAQBPgRkuRY5XmAd2kgdQ\nfaGotPWYoRXaFPHUT3aPneglYC2Q2FcLeqUJSYRxu/m1X8b5ipNU1U4Poj5M0l37\nAj5KtlThDuc9cOpMbwqwkAtr5hvObl3Ih/vl4mLqg8v8ZThYTJL2kZo471Sqf0Iv\nUimW7pj+NiRNwjtqedw9lqWXePSx9R6i9AB7XK2HIwvnq5GdALe9l3iZU7vgBECw\n7Ze6hczncG4l9djIGhYydaz61gcBt0oCW1k4yFeKmjeDvk7iTIAMORvxj8CPlR1M\nH+8yZKMGchFbw6NghnR4GPRGc82AvN5sM9cZTOC1pUsKnIPh0JGE6h9MIcGbBNSq\nCZUZAoIBAQDLliXvIQ4LT/w57r6KHim3nUWpfsHkEHg+y5Kqv+teKLfyNVBVmjhu\nB67RVzcGI7Fmq0vEhsbWIgynhjusS4cmDvwH+e4yqdTAD2qe4jVVC7Ht3N3yHCPN\nW3T5TFr/qxw2tPngOFIyNQj3aVCbMP8uzonQr6psegIIirxDRP18/lBD0suzcn6j\nkD4X/0WIQF+SsymQEvcp4cPbDQkO9VAG4XAPWbJ+K9+a9qLDYXOxcha9T4Gxqn7q\n7U64ZCkQKmXsboD0AmkHNKHNaaNeHc4J5IGq9ibstWz3aOExRAwz8Aki4uw1WaDr\nSAZUpYiI7EcuShr8xBLLEm8ZImxBl2z7AoIBAQCWJu/RlD58L5mF2MyLeSGiDlQp\ntwhFDb4oU386yKm3/DbsAe2N/Rm2iiGAVCeugZn3+N99xM6myPhP9HAPAVs0WK8O\n7Lmc3gdL6+t3w8iVesOegJXIVgXSwIR4qmJfydZ/m0PLlf9bUC6jPn8kGmfyfmlV\nE1XaWbGNWzwA/NU+HzVEqNIm4xk9PIarG1awzJ/ccNylYVjsUNf7VDitjiOAcpuq\n0vy1N6aKGkFRx1ApeP2PTWqhEThU4CqAFa4bBu/sjyYerzKl2t9y9mKtLs+ABkg0\nM1yjWDrdSsGKbVVtkOcYtgYSd6k6yxkyWLWaDJ+4oRGIiuEGmk6bRtw53rhi\n-----END RSA PRIVATE KEY-----\n",
            "private_key_pem_pkcs8": "-----BEGIN PRIVATE KEY-----\nMIIJQwIBADANBgkqhkiG9w0BAQEFAASCCS0wggkpAgEAAoICAQCorra+C6f/5eaS\nzCjaJdIPsyaIgsqTtYPgrYk82a+AtQs2j0Gbh1Oj4n5aLgoiBRXbQVeT5ojR9bMK\ngAw+OzrbSX2HNtpshmfw/pLsE8Zb0y3ttRyDGEGcZtDNco4jQ2hCvrebulGwnA3K\nnkTvw5uZUuPv8B/XOfmoBq/jMFvNRpVwm/KdDuGlq/Xbffgdl3u5DvigDeUP5E+J\n10t+mevnmQatZoB0bNryp+cqp0ZsKBD5KORy4Z8Qy2ZyQsqqBtbv6+9Te5Q5LXY9\ncebKnbM3eqKIEodUJPxizjtCcUBuT2sYTcs1r0QwMnLKuz+/9Y2GzhEcL1XSbiuY\nm5iJiyRw92kuBh1rxDc26KCfcVKF5+9LtOCQq7nCUy62Tz/9mB5h0K8QZ42lk4A6\nv9jFwKeBEXX0atu03Lwtz2J7uM6o48vRapp+ydXyWEHSBgp1rTA8LbKKFRd6XPX3\nwSg/rOz0xm5p++FGB8khjY9LIRoz4wBQ+IUHWzxvREj3aWJe2VJI7zHXXfCf6ovf\n9DPXiWlsiVq6alYnwGEIPJ8hgi2aUEsL3yW3ehS+zh9GOo1xd9jxi117TkuV+MCP\n26noX75fwnhhxuvrsAQZoyeaPbqIz0627wg1EEjsnEhPPe0WZk8s2cmd2zvk3GCA\nsuBx8274Uu+aROeTy3lZ0O9Mz8PFHwIDAQABAoICAAVnCx1NHEVa5Kag+VH7Uh4E\nm+BVaA2RC7c/d5zGUBOsOL63md9UVz5xe6CBxvtN9GRAVIC9KnanCuP0M/AuT3VE\nhku1WwuMxnl2fdgnzfuU6OyrF02vkjJjLJ7X42uHtiglGZZYQlOIu/xYU1bmie5A\nNGKz6yEmjzNte2aoXthVQWYI6J1VI679sfMktrSj7GeB7j6aE1MN+eotRhK49VBG\nm2skVErmTaDl9cZs8xl1sw133NE9Hq4YBaD1OK53Z5zpjpG67IVkSlwvcLfekyXc\nvKXlCgaM5LR5bHZ1UB34VzLBExgWE/YDN5/8nU8Vm0HNCclATtxdgPHzUdBd733N\nbxH0Fq6pwdcz5eaBxP3SoeYO5SyfAB1H1oF9gALWeyZaBt1T/gne8YdPT9snzjh7\n9y5kqmdnbeT2hu+hcjP8eVzACOWBG5/tXwd5FZC0xTnHpjpo1270Cl8Ob01tfltb\nuBthWtJKrwquqD5J5wSTjvSovY+oW7sPwvTMLtbIPhVI07fwpLJzxwA2/5sxjHiC\nlml2RCzNtdroshrvYCAnt2KHqtGXjQ5GzGqFIH1vnLOF4AMThSIS+nAvRGV9AGNj\n4ot/faAL906rixhn0LUqQZLPg3NdvjbOWACjQucqm7Ahff5GR93f1QItJv9662h7\nphSUxXbcFTL8r+PB1I2pAoIBAQDO4TV6gjELbbRnSQUL+7ZPy/DupWuCpALwqji1\nNxvdCa+haMsp6iwScZ1bdpzUaPDJg62fM3DavZChLFMomUrCL8S3FBuw9qA0TJb/\neppBBuNxjuSbIFjv3KLXrMyr/lcvZUpqNAJNd+UacmrK9z9gN8gF2IwQaSb6OCKN\no7L5vosJokpdArKu656KxRkNZCw9veYAruPkuOHEw2g8zmJaCADyne4NvgAFEhh7\nO0sUTF+ftKiqALpA3Ve/ncsAphJsjJ4VcDIy0ZxsSbiTzXSwvIsUe28n6lyJxCmJ\nidpiwgRlgVfkYDquLTDgKkpxY6gU3KQ7ElvorF1l7sx0gbBNAoIBAQDQu8ICMtwG\naoFwf63zPjlhxtKRJhrFt64SafwTkgx6ztTsKybEfBjpaJet6CPXdv8+mJcQ1b/S\nBtwP2uk3zkGhoMdgwVnzDFIkFdBLWCVKghGGG9VmOf3BVe92bXC2ErwSSIgoJ4Oy\nWVztscyuxCGwVSGutq2NAPecoeYo/do1k8yqSVQf88TtZH6jJJE3o+rqDUX/1Xr/\nzKnggCy2Dub/dxc8X6EhX+nbI7P2Uy3Q7tsHKGbiOVhZyq9NnYY2Ai3V/Wb/R9Mm\nrrERFjwMlIk1SbeczgmyBnBLQJUGR9zSDV9v/5ylfds/C6xAVbn+02fGPONla+Mt\nUBZo8ZFX7WEbAoIBAE+BGS5FjleYB3aSB1B9oai09ZihFdoU8dRPdo+d6CVgLZDY\nVwt6pQlJhHG7+bVfxvmKk1TVTg+iPkzSXfsCPkq2VOEO5z1w6kxvCrCQC2vmG85u\nXciH++XiYuqDy/xlOFhMkvaRmjjvVKp/Qi9SKZbumP42JE3CO2p53D2WpZd49LH1\nHqL0AHtcrYcjC+erkZ0At72XeJlTu+AEQLDtl7qFzOdwbiX12MgaFjJ1rPrWBwG3\nSgJbWTjIV4qaN4O+TuJMgAw5G/GPwI+VHUwf7zJkowZyEVvDo2CGdHgY9EZzzYC8\n3mwz1xlM4LWlSwqcg+HQkYTqH0whwZsE1KoJlRkCggEBAMuWJe8hDgtP/Dnuvooe\nKbedRal+weQQeD7Lkqq/614ot/I1UFWaOG4HrtFXNwYjsWarS8SGxtYiDKeGO6xL\nhyYO/Af57jKp1MAPap7iNVULse3c3fIcI81bdPlMWv+rHDa0+eA4UjI1CPdpUJsw\n/y7OidCvqmx6AgiKvENE/Xz+UEPSy7NyfqOQPhf/RYhAX5KzKZAS9ynhw9sNCQ71\nUAbhcA9Zsn4r35r2osNhc7FyFr1PgbGqfurtTrhkKRAqZexugPQCaQc0oc1po14d\nzgnkgar2Juy1bPdo4TFEDDPwCSLi7DVZoOtIBlSliIjsRy5KGvzEEssSbxkibEGX\nbPsCggEBAJYm79GUPnwvmYXYzIt5IaIOVCm3CEUNvihTfzrIqbf8NuwB7Y39GbaK\nIYBUJ66Bmff4333EzqbI+E/0cA8BWzRYrw7suZzeB0vr63fDyJV6w56AlchWBdLA\nhHiqYl/J1n+bQ8uV/1tQLqM+fyQaZ/J+aVUTVdpZsY1bPAD81T4fNUSo0ibjGT08\nhqsbVrDMn9xw3KVhWOxQ1/tUOK2OI4Bym6rS/LU3pooaQVHHUCl4/Y9NaqEROFTg\nKoAVrhsG7+yPJh6vMqXa33L2Yq0uz4AGSDQzXKNYOt1KwYptVW2Q5xi2BhJ3qTrL\nGTJYtZoMn7ihEYiK4QaaTptG3DneuGI=\n-----END PRIVATE KEY-----\n",
            "public_key_fingerprint_md5": "84:63:a7:1c:de:0f:3d:ba:c6:41:ec:e1:74:8d:5b:01",
            "public_key_fingerprint_sha256": "SHA256:tVROOiaJNTj4lIARvFsPnwSLInOs22sunzd5ZInjjiE",
            "public_key_openssh": "ssh-rsa AAAAB3NzaC1yc2EAAAADAQABAAACAQCorra+C6f/5eaSzCjaJdIPsyaIgsqTtYPgrYk82a+AtQs2j0Gbh1Oj4n5aLgoiBRXbQVeT5ojR9bMKgAw+OzrbSX2HNtpshmfw/pLsE8Zb0y3ttRyDGEGcZtDNco4jQ2hCvrebulGwnA3KnkTvw5uZUuPv8B/XOfmoBq/jMFvNRpVwm/KdDuGlq/Xbffgdl3u5DvigDeUP5E+J10t+mevnmQatZoB0bNryp+cqp0ZsKBD5KORy4Z8Qy2ZyQsqqBtbv6+9Te5Q5LXY9cebKnbM3eqKIEodUJPxizjtCcUBuT2sYTcs1r0QwMnLKuz+/9Y2GzhEcL1XSbiuYm5iJiyRw92kuBh1rxDc26KCfcVKF5+9LtOCQq7nCUy62Tz/9mB5h0K8QZ42lk4A6v9jFwKeBEXX0atu03Lwtz2J7uM6o48vRapp+ydXyWEHSBgp1rTA8LbKKFRd6XPX3wSg/rOz0xm5p++FGB8khjY9LIRoz4wBQ+IUHWzxvREj3aWJe2VJI7zHXXfCf6ovf9DPXiWlsiVq6alYnwGEIPJ8hgi2aUEsL3yW3ehS+zh9GOo1xd9jxi117TkuV+MCP26noX75fwnhhxuvrsAQZoyeaPbqIz0627wg1EEjsnEhPPe0WZk8s2cmd2zvk3GCAsuBx8274Uu+aROeTy3lZ0O9Mz8PFHw==\n",
            "public_key_pem": "-----BEGIN PUBLIC KEY-----\nMIICIjANBgkqhkiG9w0BAQEFAAOCAg8AMIICCgKCAgEAqK62vgun/+Xmkswo2iXS\nD7MmiILKk7WD4K2JPNmvgLULNo9Bm4dTo+J+Wi4KIgUV20FXk+aI0fWzCoAMPjs6\n20l9hzbabIZn8P6S7BPGW9Mt7bUcgxhBnGbQzXKOI0NoQr63m7pRsJwNyp5E78Ob\nmVLj7/Af1zn5qAav4zBbzUaVcJvynQ7hpav12334HZd7uQ74oA3lD+RPiddLfpnr\n55kGrWaAdGza8qfnKqdGbCgQ+SjkcuGfEMtmckLKqgbW7+vvU3uUOS12PXHmyp2z\nN3qiiBKHVCT8Ys47QnFAbk9rGE3LNa9EMDJyyrs/v/WNhs4RHC9V0m4rmJuYiYsk\ncPdpLgYda8Q3Nuign3FShefvS7TgkKu5wlMutk8//ZgeYdCvEGeNpZOAOr/YxcCn\ngRF19GrbtNy8Lc9ie7jOqOPL0WqafsnV8lhB0gYKda0wPC2yihUXelz198EoP6zs\n9MZuafvhRgfJIY2PSyEaM+MAUPiFB1s8b0RI92liXtlSSO8x113wn+qL3/Qz14lp\nbIlaumpWJ8BhCDyfIYItmlBLC98lt3oUvs4fRjqNcXfY8Ytde05LlfjAj9up6F++\nX8J4Ycbr67AEGaMnmj26iM9Otu8INRBI7JxITz3tFmZPLNnJnds75NxggLLgcfNu\n+FLvmkTnk8t5WdDvTM/DxR8CAwEAAQ==\n-----END PUBLIC KEY-----\n",
            "rsa_bits": 4096
          },
          "sensitive_attributes": []
        }
      ]
    }
  ],
  "check_results": null
}
